
Microsoft Visual Studio Solution File, Format Version 12.00
# Visual Studio 15
VisualStudioVersion = 15.0.28010.2046
MinimumVisualStudioVersion = 10.0.40219.1
Project("{FAE04EC0-301F-11D3-BF4B-00C04F79EFBC}") = "dataaccesscore.Abstractions", "dataaccesscore.Abstractions\dataaccesscore.Abstractions.csproj", "{A8713868-EA8C-41F6-8237-32B0FE354D37}"
EndProject
Project("{FAE04EC0-301F-11D3-BF4B-00C04F79EFBC}") = "dataaccesscore.EFCore", "dataaccesscore.EFCore\dataaccesscore.EFCore.csproj", "{38BB1376-E18D-46CF-94B4-87A47A803D2E}"
EndProject
Global
	GlobalSection(SolutionConfigurationPlatforms) = preSolution
		Debug|Any CPU = Debug|Any CPU
		Release|Any CPU = Release|Any CPU
	EndGlobalSection
	GlobalSection(ProjectConfigurationPlatforms) = postSolution
		{A8713868-EA8C-41F6-8237-32B0FE354D37}.Debug|Any CPU.ActiveCfg = Debug|Any CPU
		{A8713868-EA8C-41F6-8237-32B0FE354D37}.Debug|Any CPU.Build.0 = Debug|Any CPU
		{A8713868-EA8C-41F6-8237-32B0FE354D37}.Release|Any CPU.ActiveCfg = Release|Any CPU
		{A8713868-EA8C-41F6-8237-32B0FE354D37}.Release|Any CPU.Build.0 = Release|Any CPU
		{38BB1376-E18D-46CF-94B4-87A47A803D2E}.Debug|Any CPU.ActiveCfg = Debug|Any CPU
		{38BB1376-E18D-46CF-94B4-87A47A803D2E}.Debug|Any CPU.Build.0 = Debug|Any CPU
		{38BB1376-E18D-46CF-94B4-87A47A803D2E}.Release|Any CPU.ActiveCfg = Release|Any CPU
		{38BB1376-E18D-46CF-94B4-87A47A803D2E}.Release|Any CPU.Build.0 = Release|Any CPU
	EndGlobalSection
	GlobalSection(SolutionProperties) = preSolution
		HideSolutionNode = FALSE
	EndGlobalSection
	GlobalSection(ExtensibilityGlobals) = postSolution
		SolutionGuid = {D643B6D6-A7DF-4093-BA11-971F6B78C631}
	EndGlobalSection
EndGlobal
